// !$*UTF8*$!
{
	archiveVersion = 1;
	classes = {
	};
	objectVersion = 50;
	objects = {

/* Begin PBXBuildFile section */
		8141AD2E25BD820000523BC0 /* AppDelegate.swift in Sources */ = {isa = PBXBuildFile; fileRef = 8141AD2D25BD820000523BC0 /* AppDelegate.swift */; };
		8141AD3525BD820000523BC0 /* Main.storyboard in Resources */ = {isa = PBXBuildFile; fileRef = 8141AD3325BD820000523BC0 /* Main.storyboard */; };
		8141AD3725BD820000523BC0 /* Assets.xcassets in Resources */ = {isa = PBXBuildFile; fileRef = 8141AD3625BD820000523BC0 /* Assets.xcassets */; };
		8141AD3A25BD820000523BC0 /* LaunchScreen.storyboard in Resources */ = {isa = PBXBuildFile; fileRef = 8141AD3825BD820000523BC0 /* LaunchScreen.storyboard */; };
		81C52E5225BD9FC100B91F8F /* CharitiesViewController.swift in Sources */ = {isa = PBXBuildFile; fileRef = 81C52E5125BD9FC100B91F8F /* CharitiesViewController.swift */; };
		81C52E5625BDA19100B91F8F /* CharitiesViewModel.swift in Sources */ = {isa = PBXBuildFile; fileRef = 81C52E5525BDA19100B91F8F /* CharitiesViewModel.swift */; };
		81C52E6525BDACC600B91F8F /* HTTPClient.swift in Sources */ = {isa = PBXBuildFile; fileRef = 81C52E6425BDACC600B91F8F /* HTTPClient.swift */; };
		81C52E6925BDAF5B00B91F8F /* CharitiesService.swift in Sources */ = {isa = PBXBuildFile; fileRef = 81C52E6825BDAF5B00B91F8F /* CharitiesService.swift */; };
		81C52E6E25BDAFC100B91F8F /* Constats.swift in Sources */ = {isa = PBXBuildFile; fileRef = 81C52E6D25BDAFC100B91F8F /* Constats.swift */; };
		81C52E7325BDB14D00B91F8F /* Charity.swift in Sources */ = {isa = PBXBuildFile; fileRef = 81C52E7225BDB14D00B91F8F /* Charity.swift */; };
		81C52E7725BDC19600B91F8F /* URLResolver.swift in Sources */ = {isa = PBXBuildFile; fileRef = 81C52E7625BDC19600B91F8F /* URLResolver.swift */; };
		81C52E7C25BDCDCE00B91F8F /* CharitiesTableViewCell.swift in Sources */ = {isa = PBXBuildFile; fileRef = 81C52E7B25BDCDCE00B91F8F /* CharitiesTableViewCell.swift */; };
		81C52E7F25BDCFB700B91F8F /* CharitiesCellViewModel.swift in Sources */ = {isa = PBXBuildFile; fileRef = 81C52E7E25BDCFB700B91F8F /* CharitiesCellViewModel.swift */; };
/* End PBXBuildFile section */

/* Begin PBXFileReference section */
		8141AD2A25BD820000523BC0 /* OpnChallenge.app */ = {isa = PBXFileReference; explicitFileType = wrapper.application; includeInIndex = 0; path = OpnChallenge.app; sourceTree = BUILT_PRODUCTS_DIR; };
		8141AD2D25BD820000523BC0 /* AppDelegate.swift */ = {isa = PBXFileReference; lastKnownFileType = sourcecode.swift; path = AppDelegate.swift; sourceTree = "<group>"; };
		8141AD3425BD820000523BC0 /* Base */ = {isa = PBXFileReference; lastKnownFileType = file.storyboard; name = Base; path = Base.lproj/Main.storyboard; sourceTree = "<group>"; };
		8141AD3625BD820000523BC0 /* Assets.xcassets */ = {isa = PBXFileReference; lastKnownFileType = folder.assetcatalog; path = Assets.xcassets; sourceTree = "<group>"; };
		8141AD3925BD820000523BC0 /* Base */ = {isa = PBXFileReference; lastKnownFileType = file.storyboard; name = Base; path = Base.lproj/LaunchScreen.storyboard; sourceTree = "<group>"; };
		8141AD3B25BD820000523BC0 /* Info.plist */ = {isa = PBXFileReference; lastKnownFileType = text.plist.xml; path = Info.plist; sourceTree = "<group>"; };
		81C52E5125BD9FC100B91F8F /* CharitiesViewController.swift */ = {isa = PBXFileReference; lastKnownFileType = sourcecode.swift; path = CharitiesViewController.swift; sourceTree = "<group>"; };
		81C52E5525BDA19100B91F8F /* CharitiesViewModel.swift */ = {isa = PBXFileReference; lastKnownFileType = sourcecode.swift; path = CharitiesViewModel.swift; sourceTree = "<group>"; };
		81C52E6425BDACC600B91F8F /* HTTPClient.swift */ = {isa = PBXFileReference; lastKnownFileType = sourcecode.swift; path = HTTPClient.swift; sourceTree = "<group>"; };
		81C52E6825BDAF5B00B91F8F /* CharitiesService.swift */ = {isa = PBXFileReference; lastKnownFileType = sourcecode.swift; path = CharitiesService.swift; sourceTree = "<group>"; };
		81C52E6D25BDAFC100B91F8F /* Constats.swift */ = {isa = PBXFileReference; lastKnownFileType = sourcecode.swift; path = Constats.swift; sourceTree = "<group>"; };
		81C52E7225BDB14D00B91F8F /* Charity.swift */ = {isa = PBXFileReference; lastKnownFileType = sourcecode.swift; path = Charity.swift; sourceTree = "<group>"; };
		81C52E7625BDC19600B91F8F /* URLResolver.swift */ = {isa = PBXFileReference; lastKnownFileType = sourcecode.swift; path = URLResolver.swift; sourceTree = "<group>"; };
		81C52E7B25BDCDCE00B91F8F /* CharitiesTableViewCell.swift */ = {isa = PBXFileReference; lastKnownFileType = sourcecode.swift; path = CharitiesTableViewCell.swift; sourceTree = "<group>"; };
		81C52E7E25BDCFB700B91F8F /* CharitiesCellViewModel.swift */ = {isa = PBXFileReference; lastKnownFileType = sourcecode.swift; path = CharitiesCellViewModel.swift; sourceTree = "<group>"; };
/* End PBXFileReference section */

/* Begin PBXFrameworksBuildPhase section */
		8141AD2725BD820000523BC0 /* Frameworks */ = {
			isa = PBXFrameworksBuildPhase;
			buildActionMask = 2147483647;
			files = (
			);
			runOnlyForDeploymentPostprocessing = 0;
		};
/* End PBXFrameworksBuildPhase section */

/* Begin PBXGroup section */
		8141AD2125BD820000523BC0 = {
			isa = PBXGroup;
			children = (
				8141AD2C25BD820000523BC0 /* OpnChallenge */,
				8141AD2B25BD820000523BC0 /* Products */,
			);
			sourceTree = "<group>";
		};
		8141AD2B25BD820000523BC0 /* Products */ = {
			isa = PBXGroup;
			children = (
				8141AD2A25BD820000523BC0 /* OpnChallenge.app */,
			);
			name = Products;
			sourceTree = "<group>";
		};
		8141AD2C25BD820000523BC0 /* OpnChallenge */ = {
			isa = PBXGroup;
			children = (
				81C52E7125BDB0A900B91F8F /* Models */,
				81C52E6C25BDAFB300B91F8F /* Constants */,
				81C52E6725BDAF4000B91F8F /* Services */,
				81C52E5D25BDAA2300B91F8F /* Utilities */,
				81C52E7925BDCD9200B91F8F /* Views */,
				81C52E5425BDA17D00B91F8F /* ViewModels */,
				81C52E4B25BD9F2400B91F8F /* ViewControllers */,
				8141AD2D25BD820000523BC0 /* AppDelegate.swift */,
				8141AD3325BD820000523BC0 /* Main.storyboard */,
				8141AD3625BD820000523BC0 /* Assets.xcassets */,
				8141AD3825BD820000523BC0 /* LaunchScreen.storyboard */,
				8141AD3B25BD820000523BC0 /* Info.plist */,
			);
			path = OpnChallenge;
			sourceTree = "<group>";
		};
		81C52E4B25BD9F2400B91F8F /* ViewControllers */ = {
			isa = PBXGroup;
			children = (
				81C52E5125BD9FC100B91F8F /* CharitiesViewController.swift */,
			);
			path = ViewControllers;
			sourceTree = "<group>";
		};
		81C52E5425BDA17D00B91F8F /* ViewModels */ = {
			isa = PBXGroup;
			children = (
				81C52E5525BDA19100B91F8F /* CharitiesViewModel.swift */,
				81C52E7E25BDCFB700B91F8F /* CharitiesCellViewModel.swift */,
			);
			path = ViewModels;
			sourceTree = "<group>";
		};
		81C52E5D25BDAA2300B91F8F /* Utilities */ = {
			isa = PBXGroup;
			children = (
				81C52E6425BDACC600B91F8F /* HTTPClient.swift */,
				81C52E7625BDC19600B91F8F /* URLResolver.swift */,
			);
			path = Utilities;
			sourceTree = "<group>";
		};
		81C52E6725BDAF4000B91F8F /* Services */ = {
			isa = PBXGroup;
			children = (
				81C52E6825BDAF5B00B91F8F /* CharitiesService.swift */,
			);
			path = Services;
			sourceTree = "<group>";
		};
		81C52E6C25BDAFB300B91F8F /* Constants */ = {
			isa = PBXGroup;
			children = (
				81C52E6D25BDAFC100B91F8F /* Constats.swift */,
			);
			path = Constants;
			sourceTree = "<group>";
		};
		81C52E7125BDB0A900B91F8F /* Models */ = {
			isa = PBXGroup;
			children = (
				81C52E7225BDB14D00B91F8F /* Charity.swift */,
			);
			path = Models;
			sourceTree = "<group>";
		};
		81C52E7925BDCD9200B91F8F /* Views */ = {
			isa = PBXGroup;
			children = (
				81C52E7A25BDCDA000B91F8F /* TableViewCells */,
			);
			path = Views;
			sourceTree = "<group>";
		};
		81C52E7A25BDCDA000B91F8F /* TableViewCells */ = {
			isa = PBXGroup;
			children = (
				81C52E7B25BDCDCE00B91F8F /* CharitiesTableViewCell.swift */,
			);
			path = TableViewCells;
			sourceTree = "<group>";
		};
/* End PBXGroup section */

/* Begin PBXNativeTarget section */
		8141AD2925BD820000523BC0 /* OpnChallenge */ = {
			isa = PBXNativeTarget;
			buildConfigurationList = 8141AD3E25BD820000523BC0 /* Build configuration list for PBXNativeTarget "OpnChallenge" */;
			buildPhases = (
				8141AD2625BD820000523BC0 /* Sources */,
				8141AD2725BD820000523BC0 /* Frameworks */,
				8141AD2825BD820000523BC0 /* Resources */,
			);
			buildRules = (
			);
			dependencies = (
			);
			name = OpnChallenge;
			productName = OpnChallenge;
			productReference = 8141AD2A25BD820000523BC0 /* OpnChallenge.app */;
			productType = "com.apple.product-type.application";
		};
/* End PBXNativeTarget section */

/* Begin PBXProject section */
		8141AD2225BD820000523BC0 /* Project object */ = {
			isa = PBXProject;
			attributes = {
				LastSwiftUpdateCheck = 1220;
				LastUpgradeCheck = 1220;
				TargetAttributes = {
					8141AD2925BD820000523BC0 = {
						CreatedOnToolsVersion = 12.2;
					};
				};
			};
			buildConfigurationList = 8141AD2525BD820000523BC0 /* Build configuration list for PBXProject "OpnChallenge" */;
			compatibilityVersion = "Xcode 9.3";
			developmentRegion = en;
			hasScannedForEncodings = 0;
			knownRegions = (
				en,
				Base,
			);
			mainGroup = 8141AD2125BD820000523BC0;
			productRefGroup = 8141AD2B25BD820000523BC0 /* Products */;
			projectDirPath = "";
			projectRoot = "";
			targets = (
				8141AD2925BD820000523BC0 /* OpnChallenge */,
			);
		};
/* End PBXProject section */

/* Begin PBXResourcesBuildPhase section */
		8141AD2825BD820000523BC0 /* Resources */ = {
			isa = PBXResourcesBuildPhase;
			buildActionMask = 2147483647;
			files = (
				8141AD3A25BD820000523BC0 /* LaunchScreen.storyboard in Resources */,
				8141AD3725BD820000523BC0 /* Assets.xcassets in Resources */,
				8141AD3525BD820000523BC0 /* Main.storyboard in Resources */,
			);
			runOnlyForDeploymentPostprocessing = 0;
		};
/* End PBXResourcesBuildPhase section */

/* Begin PBXSourcesBuildPhase section */
		8141AD2625BD820000523BC0 /* Sources */ = {
			isa = PBXSourcesBuildPhase;
			buildActionMask = 2147483647;
			files = (
				8141AD2E25BD820000523BC0 /* AppDelegate.swift in Sources */,
				81C52E7725BDC19600B91F8F /* URLResolver.swift in Sources */,
				81C52E5225BD9FC100B91F8F /* CharitiesViewController.swift in Sources */,
				81C52E7F25BDCFB700B91F8F /* CharitiesCellViewModel.swift in Sources */,
				81C52E6E25BDAFC100B91F8F /* Constats.swift in Sources */,
				81C52E7325BDB14D00B91F8F /* Charity.swift in Sources */,
				81C52E7C25BDCDCE00B91F8F /* CharitiesTableViewCell.swift in Sources */,
				81C52E6525BDACC600B91F8F /* HTTPClient.swift in Sources */,
				81C52E5625BDA19100B91F8F /* CharitiesViewModel.swift in Sources */,
				81C52E6925BDAF5B00B91F8F /* CharitiesService.swift in Sources */,
			);
			runOnlyForDeploymentPostprocessing = 0;
		};
/* End PBXSourcesBuildPhase section */

/* Begin PBXVariantGroup section */
		8141AD3325BD820000523BC0 /* Main.storyboard */ = {
			isa = PBXVariantGroup;
			children = (
				8141AD3425BD820000523BC0 /* Base */,
			);
			name = Main.storyboard;
			sourceTree = "<group>";
		};
		8141AD3825BD820000523BC0 /* LaunchScreen.storyboard */ = {
			isa = PBXVariantGroup;
			children = (
				8141AD3925BD820000523BC0 /* Base */,
			);
			name = LaunchScreen.storyboard;
			sourceTree = "<group>";
		};
/* End PBXVariantGroup section */

/* Begin XCBuildConfiguration section */
		8141AD3C25BD820000523BC0 /* Debug */ = {
			isa = XCBuildConfiguration;
			buildSettings = {
				ALWAYS_SEARCH_USER_PATHS = NO;
				CLANG_ANALYZER_NONNULL = YES;
				CLANG_ANALYZER_NUMBER_OBJECT_CONVERSION = YES_AGGRESSIVE;
				CLANG_CXX_LANGUAGE_STANDARD = "gnu++14";
				CLANG_CXX_LIBRARY = "libc++";
				CLANG_ENABLE_MODULES = YES;
				CLANG_ENABLE_OBJC_ARC = YES;
				CLANG_ENABLE_OBJC_WEAK = YES;
				CLANG_WARN_BLOCK_CAPTURE_AUTORELEASING = YES;
				CLANG_WARN_BOOL_CONVERSION = YES;
				CLANG_WARN_COMMA = YES;
				CLANG_WARN_CONSTANT_CONVERSION = YES;
				CLANG_WARN_DEPRECATED_OBJC_IMPLEMENTATIONS = YES;
				CLANG_WARN_DIRECT_OBJC_ISA_USAGE = YES_ERROR;
				CLANG_WARN_DOCUMENTATION_COMMENTS = YES;
				CLANG_WARN_EMPTY_BODY = YES;
				CLANG_WARN_ENUM_CONVERSION = YES;
				CLANG_WARN_INFINITE_RECURSION = YES;
				CLANG_WARN_INT_CONVERSION = YES;
				CLANG_WARN_NON_LITERAL_NULL_CONVERSION = YES;
				CLANG_WARN_OBJC_IMPLICIT_RETAIN_SELF = YES;
				CLANG_WARN_OBJC_LITERAL_CONVERSION = YES;
				CLANG_WARN_OBJC_ROOT_CLASS = YES_ERROR;
				CLANG_WARN_QUOTED_INCLUDE_IN_FRAMEWORK_HEADER = YES;
				CLANG_WARN_RANGE_LOOP_ANALYSIS = YES;
				CLANG_WARN_STRICT_PROTOTYPES = YES;
				CLANG_WARN_SUSPICIOUS_MOVE = YES;
				CLANG_WARN_UNGUARDED_AVAILABILITY = YES_AGGRESSIVE;
				CLANG_WARN_UNREACHABLE_CODE = YES;
				CLANG_WARN__DUPLICATE_METHOD_MATCH = YES;
				COPY_PHASE_STRIP = NO;
				DEBUG_INFORMATION_FORMAT = dwarf;
				ENABLE_STRICT_OBJC_MSGSEND = YES;
				ENABLE_TESTABILITY = YES;
				GCC_C_LANGUAGE_STANDARD = gnu11;
				GCC_DYNAMIC_NO_PIC = NO;
				GCC_NO_COMMON_BLOCKS = YES;
				GCC_OPTIMIZATION_LEVEL = 0;
				GCC_PREPROCESSOR_DEFINITIONS = (
					"DEBUG=1",
					"$(inherited)",
				);
				GCC_WARN_64_TO_32_BIT_CONVERSION = YES;
				GCC_WARN_ABOUT_RETURN_TYPE = YES_ERROR;
				GCC_WARN_UNDECLARED_SELECTOR = YES;
				GCC_WARN_UNINITIALIZED_AUTOS = YES_AGGRESSIVE;
				GCC_WARN_UNUSED_FUNCTION = YES;
				GCC_WARN_UNUSED_VARIABLE = YES;
				IPHONEOS_DEPLOYMENT_TARGET = 12.0;
				MTL_ENABLE_DEBUG_INFO = INCLUDE_SOURCE;
				MTL_FAST_MATH = YES;
				ONLY_ACTIVE_ARCH = YES;
				SDKROOT = iphoneos;
				SWIFT_ACTIVE_COMPILATION_CONDITIONS = DEBUG;
				SWIFT_OPTIMIZATION_LEVEL = "-Onone";
			};
			name = Debug;
		};
		8141AD3D25BD820000523BC0 /* Release */ = {
			isa = XCBuildConfiguration;
			buildSettings = {
				ALWAYS_SEARCH_USER_PATHS = NO;
				CLANG_ANALYZER_NONNULL = YES;
				CLANG_ANALYZER_NUMBER_OBJECT_CONVERSION = YES_AGGRESSIVE;
				CLANG_CXX_LANGUAGE_STANDARD = "gnu++14";
				CLANG_CXX_LIBRARY = "libc++";
				CLANG_ENABLE_MODULES = YES;
				CLANG_ENABLE_OBJC_ARC = YES;
				CLANG_ENABLE_OBJC_WEAK = YES;
				CLANG_WARN_BLOCK_CAPTURE_AUTORELEASING = YES;
				CLANG_WARN_BOOL_CONVERSION = YES;
				CLANG_WARN_COMMA = YES;
				CLANG_WARN_CONSTANT_CONVERSION = YES;
				CLANG_WARN_DEPRECATED_OBJC_IMPLEMENTATIONS = YES;
				CLANG_WARN_DIRECT_OBJC_ISA_USAGE = YES_ERROR;
				CLANG_WARN_DOCUMENTATION_COMMENTS = YES;
				CLANG_WARN_EMPTY_BODY = YES;
				CLANG_WARN_ENUM_CONVERSION = YES;
				CLANG_WARN_INFINITE_RECURSION = YES;
				CLANG_WARN_INT_CONVERSION = YES;
				CLANG_WARN_NON_LITERAL_NULL_CONVERSION = YES;
				CLANG_WARN_OBJC_IMPLICIT_RETAIN_SELF = YES;
				CLANG_WARN_OBJC_LITERAL_CONVERSION = YES;
				CLANG_WARN_OBJC_ROOT_CLASS = YES_ERROR;
				CLANG_WARN_QUOTED_INCLUDE_IN_FRAMEWORK_HEADER = YES;
				CLANG_WARN_RANGE_LOOP_ANALYSIS = YES;
				CLANG_WARN_STRICT_PROTOTYPES = YES;
				CLANG_WARN_SUSPICIOUS_MOVE = YES;
				CLANG_WARN_UNGUARDED_AVAILABILITY = YES_AGGRESSIVE;
				CLANG_WARN_UNREACHABLE_CODE = YES;
				CLANG_WARN__DUPLICATE_METHOD_MATCH = YES;
				COPY_PHASE_STRIP = NO;
				DEBUG_INFORMATION_FORMAT = "dwarf-with-dsym";
				ENABLE_NS_ASSERTIONS = NO;
				ENABLE_STRICT_OBJC_MSGSEND = YES;
				GCC_C_LANGUAGE_STANDARD = gnu11;
				GCC_NO_COMMON_BLOCKS = YES;
				GCC_WARN_64_TO_32_BIT_CONVERSION = YES;
				GCC_WARN_ABOUT_RETURN_TYPE = YES_ERROR;
				GCC_WARN_UNDECLARED_SELECTOR = YES;
				GCC_WARN_UNINITIALIZED_AUTOS = YES_AGGRESSIVE;
				GCC_WARN_UNUSED_FUNCTION = YES;
				GCC_WARN_UNUSED_VARIABLE = YES;
				IPHONEOS_DEPLOYMENT_TARGET = 12.0;
				MTL_ENABLE_DEBUG_INFO = NO;
				MTL_FAST_MATH = YES;
				SDKROOT = iphoneos;
				SWIFT_COMPILATION_MODE = wholemodule;
				SWIFT_OPTIMIZATION_LEVEL = "-O";
				VALIDATE_PRODUCT = YES;
			};
			name = Release;
		};
		8141AD3F25BD820000523BC0 /* Debug */ = {
			isa = XCBuildConfiguration;
			buildSettings = {
				ASSETCATALOG_COMPILER_APPICON_NAME = AppIcon;
				ASSETCATALOG_COMPILER_GLOBAL_ACCENT_COLOR_NAME = AccentColor;
				CODE_SIGN_STYLE = Automatic;
				DEVELOPMENT_TEAM = RS29XNDB6R;
				INFOPLIST_FILE = OpnChallenge/Info.plist;
				LD_RUNPATH_SEARCH_PATHS = (
					"$(inherited)",
					"@executable_path/Frameworks",
				);
				PRODUCT_BUNDLE_IDENTIFIER = com.abid.OpnChallenge;
				PRODUCT_NAME = "$(TARGET_NAME)";
				SWIFT_VERSION = 5.0;
				TARGETED_DEVICE_FAMILY = "1,2";
			};
			name = Debug;
		};
		8141AD4025BD820000523BC0 /* Release */ = {
			isa = XCBuildConfiguration;
			buildSettings = {
				ASSETCATALOG_COMPILER_APPICON_NAME = AppIcon;
				ASSETCATALOG_COMPILER_GLOBAL_ACCENT_COLOR_NAME = AccentColor;
				CODE_SIGN_STYLE = Automatic;
				DEVELOPMENT_TEAM = RS29XNDB6R;
				INFOPLIST_FILE = OpnChallenge/Info.plist;
				LD_RUNPATH_SEARCH_PATHS = (
					"$(inherited)",
					"@executable_path/Frameworks",
				);
				PRODUCT_BUNDLE_IDENTIFIER = com.abid.OpnChallenge;
				PRODUCT_NAME = "$(TARGET_NAME)";
				SWIFT_VERSION = 5.0;
				TARGETED_DEVICE_FAMILY = "1,2";
			};
			name = Release;
		};
/* End XCBuildConfiguration section */

/* Begin XCConfigurationList section */
		8141AD2525BD820000523BC0 /* Build configuration list for PBXProject "OpnChallenge" */ = {
			isa = XCConfigurationList;
			buildConfigurations = (
				8141AD3C25BD820000523BC0 /* Debug */,
				8141AD3D25BD820000523BC0 /* Release */,
			);
			defaultConfigurationIsVisible = 0;
			defaultConfigurationName = Release;
		};
		8141AD3E25BD820000523BC0 /* Build configuration list for PBXNativeTarget "OpnChallenge" */ = {
			isa = XCConfigurationList;
			buildConfigurations = (
				8141AD3F25BD820000523BC0 /* Debug */,
				8141AD4025BD820000523BC0 /* Release */,
			);
			defaultConfigurationIsVisible = 0;
			defaultConfigurationName = Release;
		};
/* End XCConfigurationList section */
	};
	rootObject = 8141AD2225BD820000523BC0 /* Project object */;
}
